
Microsoft Visual Studio Solution File, Format Version 12.00
# Visual Studio Version 16
VisualStudioVersion = 16.0.28822.285
MinimumVisualStudioVersion = 10.0.40219.1
Project("{FAE04EC0-301F-11D3-BF4B-00C04F79EFBC}") = "BlazorAspCore.Server", "BlazorAspCore.Server\BlazorAspCore.Server.csproj", "{E6F3A24A-3B8E-4658-A05B-3596304E198B}"
EndProject
Project("{FAE04EC0-301F-11D3-BF4B-00C04F79EFBC}") = "BlazorAspCore.Client", "BlazorAspCore.Client\BlazorAspCore.Client.csproj", "{044C0737-2A6C-487F-B918-1EBE6D932D4B}"
EndProject
Project("{FAE04EC0-301F-11D3-BF4B-00C04F79EFBC}") = "BlazorAspCore.Shared", "BlazorAspCore.Shared\BlazorAspCore.Shared.csproj", "{9CB19B68-8DCE-4952-A235-E0B45911A870}"
EndProject
Global
	GlobalSection(SolutionConfigurationPlatforms) = preSolution
		Debug|Any CPU = Debug|Any CPU
		Release|Any CPU = Release|Any CPU
	EndGlobalSection
	GlobalSection(ProjectConfigurationPlatforms) = postSolution
		{E6F3A24A-3B8E-4658-A05B-3596304E198B}.Debug|Any CPU.ActiveCfg = Debug|Any CPU
		{E6F3A24A-3B8E-4658-A05B-3596304E198B}.Debug|Any CPU.Build.0 = Debug|Any CPU
		{E6F3A24A-3B8E-4658-A05B-3596304E198B}.Release|Any CPU.ActiveCfg = Release|Any CPU
		{E6F3A24A-3B8E-4658-A05B-3596304E198B}.Release|Any CPU.Build.0 = Release|Any CPU
		{044C0737-2A6C-487F-B918-1EBE6D932D4B}.Debug|Any CPU.ActiveCfg = Debug|Any CPU
		{044C0737-2A6C-487F-B918-1EBE6D932D4B}.Debug|Any CPU.Build.0 = Debug|Any CPU
		{044C0737-2A6C-487F-B918-1EBE6D932D4B}.Release|Any CPU.ActiveCfg = Release|Any CPU
		{044C0737-2A6C-487F-B918-1EBE6D932D4B}.Release|Any CPU.Build.0 = Release|Any CPU
		{9CB19B68-8DCE-4952-A235-E0B45911A870}.Debug|Any CPU.ActiveCfg = Debug|Any CPU
		{9CB19B68-8DCE-4952-A235-E0B45911A870}.Debug|Any CPU.Build.0 = Debug|Any CPU
		{9CB19B68-8DCE-4952-A235-E0B45911A870}.Release|Any CPU.ActiveCfg = Release|Any CPU
		{9CB19B68-8DCE-4952-A235-E0B45911A870}.Release|Any CPU.Build.0 = Release|Any CPU
	EndGlobalSection
	GlobalSection(SolutionProperties) = preSolution
		HideSolutionNode = FALSE
	EndGlobalSection
	GlobalSection(ExtensibilityGlobals) = postSolution
		SolutionGuid = {BB32EF1A-FC86-4381-B9A0-B98260B88E69}
	EndGlobalSection
EndGlobal
